Microsoft Visual Studio Solution File, Format Version 12.00
# Visual Studio Version 17
VisualStudioVersion = 17.5.2.0
MinimumVisualStudioVersion = 10.0.40219.1
Project("{FAE04EC0-301F-11D3-BF4B-00C04F79EFBC}") = "Team.Calculator", "Team.Calculator\Team.Calculator.csproj", "{2949049B-6E96-B20A-BA95-71A346A7EF49}"
EndProject
Global
	GlobalSection(SolutionConfigurationPlatforms) = preSolution
		Debug|Any CPU = Debug|Any CPU
		Release|Any CPU = Release|Any CPU
	EndGlobalSection
	GlobalSection(ProjectConfigurationPlatforms) = postSolution
		{2949049B-6E96-B20A-BA95-71A346A7EF49}.Debug|Any CPU.ActiveCfg = Debug|Any CPU
		{2949049B-6E96-B20A-BA95-71A346A7EF49}.Debug|Any CPU.Build.0 = Debug|Any CPU
		{2949049B-6E96-B20A-BA95-71A346A7EF49}.Release|Any CPU.ActiveCfg = Release|Any CPU
		{2949049B-6E96-B20A-BA95-71A346A7EF49}.Release|Any CPU.Build.0 = Release|Any CPU
	EndGlobalSection
	GlobalSection(SolutionProperties) = preSolution
		HideSolutionNode = FALSE
	EndGlobalSection
	GlobalSection(ExtensibilityGlobals) = postSolution
		SolutionGuid = {A6781328-5F55-4575-AEB7-43641B302B28}
	EndGlobalSection
EndGlobal
